
Microsoft Visual Studio Solution File, Format Version 12.00
# Visual Studio Version 17
VisualStudioVersion = 17.8.34330.188
MinimumVisualStudioVersion = 10.0.40219.1
Project("{FAE04EC0-301F-11D3-BF4B-00C04F79EFBC}") = "SharkEngine", "SharkEngine\SharkEngine.csproj", "{EA8BAE26-8E07-4B14-910B-544758F57565}"
EndProject
Project("{2150E333-8FDC-42A3-9474-1A3956D46DE8}") = "Solution Items", "Solution Items", "{7926B639-4FB5-4C8C-ABDF-0D2CC2CFA730}"
	ProjectSection(SolutionItems) = preProject
		global.json = global.json
	EndProjectSection
EndProject
Global
	GlobalSection(SolutionConfigurationPlatforms) = preSolution
		Debug|Any CPU = Debug|Any CPU
		Release|Any CPU = Release|Any CPU
	EndGlobalSection
	GlobalSection(ProjectConfigurationPlatforms) = postSolution
		{EA8BAE26-8E07-4B14-910B-544758F57565}.Debug|Any CPU.ActiveCfg = Debug|Any CPU
		{EA8BAE26-8E07-4B14-910B-544758F57565}.Debug|Any CPU.Build.0 = Debug|Any CPU
		{EA8BAE26-8E07-4B14-910B-544758F57565}.Release|Any CPU.ActiveCfg = Release|Any CPU
		{EA8BAE26-8E07-4B14-910B-544758F57565}.Release|Any CPU.Build.0 = Release|Any CPU
	EndGlobalSection
	GlobalSection(SolutionProperties) = preSolution
		HideSolutionNode = FALSE
	EndGlobalSection
	GlobalSection(ExtensibilityGlobals) = postSolution
		SolutionGuid = {CD80E277-E046-459A-8DB3-E487555135A5}
	EndGlobalSection
EndGlobal
